
Microsoft Visual Studio Solution File, Format Version 12.00
# Visual Studio Version 17
VisualStudioVersion = 17.5.2.0
MinimumVisualStudioVersion = 10.0.40219.1
Project("{FAE04EC0-301F-11D3-BF4B-00C04F79EFBC}") = "MetricsWriter", "MetricsWriter\MetricsWriter.csproj", "{0F7BEE14-277B-4A39-85D9-5E4B23D81801}"
EndProject
Project("{FAE04EC0-301F-11D3-BF4B-00C04F79EFBC}") = "Domain", "Domain\Domain.csproj", "{388719D3-DAC8-475A-978F-2FC42F7B62F2}"
EndProject
Project("{FAE04EC0-301F-11D3-BF4B-00C04F79EFBC}") = "Infrastructure", "Infrastructure\Infrastructure.csproj", "{8BA1B844-91A8-4B22-8642-B39593B388A8}"
EndProject
Project("{FAE04EC0-301F-11D3-BF4B-00C04F79EFBC}") = "Application", "Application\Application.csproj", "{67D81704-3C33-4626-A85B-1B91134FEB93}"
EndProject
Project("{FAE04EC0-301F-11D3-BF4B-00C04F79EFBC}") = "MetricsWriter.UnitTests", "..\tests\MetricsWriter.UnitTests\MetricsWriter.UnitTests.csproj", "{89AADEEB-2FFB-4A31-8A14-2271DFD4D77A}"
EndProject
Project("{FAE04EC0-301F-11D3-BF4B-00C04F79EFBC}") = "MetricsWriter.IntegrationTests", "..\tests\MetricsWriter.IntegrationTests\MetricsWriter.IntegrationTests.csproj", "{44E9B1B5-B20D-46A7-9F83-F8C3F43DC00F}"
EndProject
Global
	GlobalSection(SolutionConfigurationPlatforms) = preSolution
		Debug|Any CPU = Debug|Any CPU
		Debug|x64 = Debug|x64
		Debug|x86 = Debug|x86
		Release|Any CPU = Release|Any CPU
		Release|x64 = Release|x64
		Release|x86 = Release|x86
	EndGlobalSection
	GlobalSection(ProjectConfigurationPlatforms) = postSolution
		{0F7BEE14-277B-4A39-85D9-5E4B23D81801}.Debug|Any CPU.ActiveCfg = Debug|Any CPU
		{0F7BEE14-277B-4A39-85D9-5E4B23D81801}.Debug|Any CPU.Build.0 = Debug|Any CPU
		{0F7BEE14-277B-4A39-85D9-5E4B23D81801}.Debug|x64.ActiveCfg = Debug|Any CPU
		{0F7BEE14-277B-4A39-85D9-5E4B23D81801}.Debug|x64.Build.0 = Debug|Any CPU
		{0F7BEE14-277B-4A39-85D9-5E4B23D81801}.Debug|x86.ActiveCfg = Debug|Any CPU
		{0F7BEE14-277B-4A39-85D9-5E4B23D81801}.Debug|x86.Build.0 = Debug|Any CPU
		{0F7BEE14-277B-4A39-85D9-5E4B23D81801}.Release|Any CPU.ActiveCfg = Release|Any CPU
		{0F7BEE14-277B-4A39-85D9-5E4B23D81801}.Release|Any CPU.Build.0 = Release|Any CPU
		{0F7BEE14-277B-4A39-85D9-5E4B23D81801}.Release|x64.ActiveCfg = Release|Any CPU
		{0F7BEE14-277B-4A39-85D9-5E4B23D81801}.Release|x64.Build.0 = Release|Any CPU
		{0F7BEE14-277B-4A39-85D9-5E4B23D81801}.Release|x86.ActiveCfg = Release|Any CPU
		{0F7BEE14-277B-4A39-85D9-5E4B23D81801}.Release|x86.Build.0 = Release|Any CPU
		{388719D3-DAC8-475A-978F-2FC42F7B62F2}.Debug|Any CPU.ActiveCfg = Debug|Any CPU
		{388719D3-DAC8-475A-978F-2FC42F7B62F2}.Debug|Any CPU.Build.0 = Debug|Any CPU
		{388719D3-DAC8-475A-978F-2FC42F7B62F2}.Debug|x64.ActiveCfg = Debug|Any CPU
		{388719D3-DAC8-475A-978F-2FC42F7B62F2}.Debug|x64.Build.0 = Debug|Any CPU
		{388719D3-DAC8-475A-978F-2FC42F7B62F2}.Debug|x86.ActiveCfg = Debug|Any CPU
		{388719D3-DAC8-475A-978F-2FC42F7B62F2}.Debug|x86.Build.0 = Debug|Any CPU
		{388719D3-DAC8-475A-978F-2FC42F7B62F2}.Release|Any CPU.ActiveCfg = Release|Any CPU
		{388719D3-DAC8-475A-978F-2FC42F7B62F2}.Release|Any CPU.Build.0 = Release|Any CPU
		{388719D3-DAC8-475A-978F-2FC42F7B62F2}.Release|x64.ActiveCfg = Release|Any CPU
		{388719D3-DAC8-475A-978F-2FC42F7B62F2}.Release|x64.Build.0 = Release|Any CPU
		{388719D3-DAC8-475A-978F-2FC42F7B62F2}.Release|x86.ActiveCfg = Release|Any CPU
		{388719D3-DAC8-475A-978F-2FC42F7B62F2}.Release|x86.Build.0 = Release|Any CPU
		{8BA1B844-91A8-4B22-8642-B39593B388A8}.Debug|Any CPU.ActiveCfg = Debug|Any CPU
		{8BA1B844-91A8-4B22-8642-B39593B388A8}.Debug|Any CPU.Build.0 = Debug|Any CPU
		{8BA1B844-91A8-4B22-8642-B39593B388A8}.Debug|x64.ActiveCfg = Debug|Any CPU
		{8BA1B844-91A8-4B22-8642-B39593B388A8}.Debug|x64.Build.0 = Debug|Any CPU
		{8BA1B844-91A8-4B22-8642-B39593B388A8}.Debug|x86.ActiveCfg = Debug|Any CPU
		{8BA1B844-91A8-4B22-8642-B39593B388A8}.Debug|x86.Build.0 = Debug|Any CPU
		{8BA1B844-91A8-4B22-8642-B39593B388A8}.Release|Any CPU.ActiveCfg = Release|Any CPU
		{8BA1B844-91A8-4B22-8642-B39593B388A8}.Release|Any CPU.Build.0 = Release|Any CPU
		{8BA1B844-91A8-4B22-8642-B39593B388A8}.Release|x64.ActiveCfg = Release|Any CPU
		{8BA1B844-91A8-4B22-8642-B39593B388A8}.Release|x64.Build.0 = Release|Any CPU
		{8BA1B844-91A8-4B22-8642-B39593B388A8}.Release|x86.ActiveCfg = Release|Any CPU
		{8BA1B844-91A8-4B22-8642-B39593B388A8}.Release|x86.Build.0 = Release|Any CPU
		{67D81704-3C33-4626-A85B-1B91134FEB93}.Debug|Any CPU.ActiveCfg = Debug|Any CPU
		{67D81704-3C33-4626-A85B-1B91134FEB93}.Debug|Any CPU.Build.0 = Debug|Any CPU
		{67D81704-3C33-4626-A85B-1B91134FEB93}.Debug|x64.ActiveCfg = Debug|Any CPU
		{67D81704-3C33-4626-A85B-1B91134FEB93}.Debug|x64.Build.0 = Debug|Any CPU
		{67D81704-3C33-4626-A85B-1B91134FEB93}.Debug|x86.ActiveCfg = Debug|Any CPU
		{67D81704-3C33-4626-A85B-1B91134FEB93}.Debug|x86.Build.0 = Debug|Any CPU
		{67D81704-3C33-4626-A85B-1B91134FEB93}.Release|Any CPU.ActiveCfg = Release|Any CPU
		{67D81704-3C33-4626-A85B-1B91134FEB93}.Release|Any CPU.Build.0 = Release|Any CPU
		{67D81704-3C33-4626-A85B-1B91134FEB93}.Release|x64.ActiveCfg = Release|Any CPU
		{67D81704-3C33-4626-A85B-1B91134FEB93}.Release|x64.Build.0 = Release|Any CPU
		{67D81704-3C33-4626-A85B-1B91134FEB93}.Release|x86.ActiveCfg = Release|Any CPU
		{67D81704-3C33-4626-A85B-1B91134FEB93}.Release|x86.Build.0 = Release|Any CPU
		{89AADEEB-2FFB-4A31-8A14-2271DFD4D77A}.Debug|Any CPU.ActiveCfg = Debug|Any CPU
		{89AADEEB-2FFB-4A31-8A14-2271DFD4D77A}.Debug|Any CPU.Build.0 = Debug|Any CPU
		{89AADEEB-2FFB-4A31-8A14-2271DFD4D77A}.Debug|x64.ActiveCfg = Debug|Any CPU
		{89AADEEB-2FFB-4A31-8A14-2271DFD4D77A}.Debug|x64.Build.0 = Debug|Any CPU
		{89AADEEB-2FFB-4A31-8A14-2271DFD4D77A}.Debug|x86.ActiveCfg = Debug|Any CPU
		{89AADEEB-2FFB-4A31-8A14-2271DFD4D77A}.Debug|x86.Build.0 = Debug|Any CPU
		{89AADEEB-2FFB-4A31-8A14-2271DFD4D77A}.Release|Any CPU.ActiveCfg = Release|Any CPU
		{89AADEEB-2FFB-4A31-8A14-2271DFD4D77A}.Release|Any CPU.Build.0 = Release|Any CPU
		{89AADEEB-2FFB-4A31-8A14-2271DFD4D77A}.Release|x64.ActiveCfg = Release|Any CPU
		{89AADEEB-2FFB-4A31-8A14-2271DFD4D77A}.Release|x64.Build.0 = Release|Any CPU
		{89AADEEB-2FFB-4A31-8A14-2271DFD4D77A}.Release|x86.ActiveCfg = Release|Any CPU
		{89AADEEB-2FFB-4A31-8A14-2271DFD4D77A}.Release|x86.Build.0 = Release|Any CPU
		{44E9B1B5-B20D-46A7-9F83-F8C3F43DC00F}.Debug|Any CPU.ActiveCfg = Debug|Any CPU
		{44E9B1B5-B20D-46A7-9F83-F8C3F43DC00F}.Debug|Any CPU.Build.0 = Debug|Any CPU
		{44E9B1B5-B20D-46A7-9F83-F8C3F43DC00F}.Debug|x64.ActiveCfg = Debug|Any CPU
		{44E9B1B5-B20D-46A7-9F83-F8C3F43DC00F}.Debug|x64.Build.0 = Debug|Any CPU
		{44E9B1B5-B20D-46A7-9F83-F8C3F43DC00F}.Debug|x86.ActiveCfg = Debug|Any CPU
		{44E9B1B5-B20D-46A7-9F83-F8C3F43DC00F}.Debug|x86.Build.0 = Debug|Any CPU
		{44E9B1B5-B20D-46A7-9F83-F8C3F43DC00F}.Release|Any CPU.ActiveCfg = Release|Any CPU
		{44E9B1B5-B20D-46A7-9F83-F8C3F43DC00F}.Release|Any CPU.Build.0 = Release|Any CPU
		{44E9B1B5-B20D-46A7-9F83-F8C3F43DC00F}.Release|x64.ActiveCfg = Release|Any CPU
		{44E9B1B5-B20D-46A7-9F83-F8C3F43DC00F}.Release|x64.Build.0 = Release|Any CPU
		{44E9B1B5-B20D-46A7-9F83-F8C3F43DC00F}.Release|x86.ActiveCfg = Release|Any CPU
		{44E9B1B5-B20D-46A7-9F83-F8C3F43DC00F}.Release|x86.Build.0 = Release|Any CPU
	EndGlobalSection
	GlobalSection(SolutionProperties) = preSolution
		HideSolutionNode = FALSE
	EndGlobalSection
	GlobalSection(ExtensibilityGlobals) = postSolution
		SolutionGuid = {F65D5C49-B8C7-473D-9A7E-AEA75620D8EA}
	EndGlobalSection
EndGlobal
